// !$*UTF8*$!
{
	archiveVersion = 1;
	classes = {
	};
	objectVersion = 55;
	objects = {

/* Begin PBXBuildFile section */
		680D4316271F28AD0017EA4A /* LandmarkDetail.swift in Sources */ = {isa = PBXBuildFile; fileRef = 680D4315271F28AD0017EA4A /* LandmarkDetail.swift */; };
		6880FB34271FD19900DF4BA8 /* CircleImage.swift in Sources */ = {isa = PBXBuildFile; fileRef = 6880FB33271FD19900DF4BA8 /* CircleImage.swift */; };
		6880FB36271FD26D00DF4BA8 /* MapView.swift in Sources */ = {isa = PBXBuildFile; fileRef = 6880FB35271FD26D00DF4BA8 /* MapView.swift */; };
		68B76FA0271EA62C003BC592 /* ListsNavigationApp.swift in Sources */ = {isa = PBXBuildFile; fileRef = 68B76F9F271EA62C003BC592 /* ListsNavigationApp.swift */; };
		68B76FA2271EA62C003BC592 /* ContentView.swift in Sources */ = {isa = PBXBuildFile; fileRef = 68B76FA1271EA62C003BC592 /* ContentView.swift */; };
		68B76FA4271EA62D003BC592 /* Assets.xcassets in Resources */ = {isa = PBXBuildFile; fileRef = 68B76FA3271EA62D003BC592 /* Assets.xcassets */; };
		68B76FA7271EA62D003BC592 /* Preview Assets.xcassets in Resources */ = {isa = PBXBuildFile; fileRef = 68B76FA6271EA62D003BC592 /* Preview Assets.xcassets */; };
		68B76FB1271EA62D003BC592 /* ListsNavigationTests.swift in Sources */ = {isa = PBXBuildFile; fileRef = 68B76FB0271EA62D003BC592 /* ListsNavigationTests.swift */; };
		68B76FBB271EA62D003BC592 /* ListsNavigationUITests.swift in Sources */ = {isa = PBXBuildFile; fileRef = 68B76FBA271EA62D003BC592 /* ListsNavigationUITests.swift */; };
		68B76FBD271EA62D003BC592 /* ListsNavigationUITestsLaunchTests.swift in Sources */ = {isa = PBXBuildFile; fileRef = 68B76FBC271EA62D003BC592 /* ListsNavigationUITestsLaunchTests.swift */; };
		68B76FCC271EA788003BC592 /* landmarkData.json in Resources */ = {isa = PBXBuildFile; fileRef = 68B76FCB271EA788003BC592 /* landmarkData.json */; };
		68B76FCE271EA7A7003BC592 /* Landmark.swift in Sources */ = {isa = PBXBuildFile; fileRef = 68B76FCD271EA7A7003BC592 /* Landmark.swift */; };
		68B76FD0271EADE2003BC592 /* ModelData.swift in Sources */ = {isa = PBXBuildFile; fileRef = 68B76FCF271EADE2003BC592 /* ModelData.swift */; };
		68B76FD6271EB786003BC592 /* LandmarkRow.swift in Sources */ = {isa = PBXBuildFile; fileRef = 68B76FD5271EB786003BC592 /* LandmarkRow.swift */; };
		68B76FD8271EE0CE003BC592 /* LandmarkList.swift in Sources */ = {isa = PBXBuildFile; fileRef = 68B76FD7271EE0CE003BC592 /* LandmarkList.swift */; };
/* End PBXBuildFile section */

/* Begin PBXContainerItemProxy section */
		68B76FAD271EA62D003BC592 /* PBXContainerItemProxy */ = {
			isa = PBXContainerItemProxy;
			containerPortal = 68B76F94271EA62C003BC592 /* Project object */;
			proxyType = 1;
			remoteGlobalIDString = 68B76F9B271EA62C003BC592;
			remoteInfo = ListsNavigation;
		};
		68B76FB7271EA62D003BC592 /* PBXContainerItemProxy */ = {
			isa = PBXContainerItemProxy;
			containerPortal = 68B76F94271EA62C003BC592 /* Project object */;
			proxyType = 1;
			remoteGlobalIDString = 68B76F9B271EA62C003BC592;
			remoteInfo = ListsNavigation;
		};
/* End PBXContainerItemProxy section */

/* Begin PBXFileReference section */
		680D4315271F28AD0017EA4A /* LandmarkDetail.swift */ = {isa = PBXFileReference; lastKnownFileType = sourcecode.swift; path = LandmarkDetail.swift; sourceTree = "<group>"; };
		6880FB33271FD19900DF4BA8 /* CircleImage.swift */ = {isa = PBXFileReference; lastKnownFileType = sourcecode.swift; path = CircleImage.swift; sourceTree = "<group>"; };
		6880FB35271FD26D00DF4BA8 /* MapView.swift */ = {isa = PBXFileReference; lastKnownFileType = sourcecode.swift; path = MapView.swift; sourceTree = "<group>"; };
		68B76F9C271EA62C003BC592 /* ListsNavigation.app */ = {isa = PBXFileReference; explicitFileType = wrapper.application; includeInIndex = 0; path = ListsNavigation.app; sourceTree = BUILT_PRODUCTS_DIR; };
		68B76F9F271EA62C003BC592 /* ListsNavigationApp.swift */ = {isa = PBXFileReference; lastKnownFileType = sourcecode.swift; path = ListsNavigationApp.swift; sourceTree = "<group>"; };
		68B76FA1271EA62C003BC592 /* ContentView.swift */ = {isa = PBXFileReference; lastKnownFileType = sourcecode.swift; path = ContentView.swift; sourceTree = "<group>"; };
		68B76FA3271EA62D003BC592 /* Assets.xcassets */ = {isa = PBXFileReference; lastKnownFileType = folder.assetcatalog; path = Assets.xcassets; sourceTree = "<group>"; };
		68B76FA6271EA62D003BC592 /* Preview Assets.xcassets */ = {isa = PBXFileReference; lastKnownFileType = folder.assetcatalog; path = "Preview Assets.xcassets"; sourceTree = "<group>"; };
		68B76FAC271EA62D003BC592 /* ListsNavigationTests.xctest */ = {isa = PBXFileReference; explicitFileType = wrapper.cfbundle; includeInIndex = 0; path = ListsNavigationTests.xctest; sourceTree = BUILT_PRODUCTS_DIR; };
		68B76FB0271EA62D003BC592 /* ListsNavigationTests.swift */ = {isa = PBXFileReference; lastKnownFileType = sourcecode.swift; path = ListsNavigationTests.swift; sourceTree = "<group>"; };
		68B76FB6271EA62D003BC592 /* ListsNavigationUITests.xctest */ = {isa = PBXFileReference; explicitFileType = wrapper.cfbundle; includeInIndex = 0; path = ListsNavigationUITests.xctest; sourceTree = BUILT_PRODUCTS_DIR; };
		68B76FBA271EA62D003BC592 /* ListsNavigationUITests.swift */ = {isa = PBXFileReference; lastKnownFileType = sourcecode.swift; path = ListsNavigationUITests.swift; sourceTree = "<group>"; };
		68B76FBC271EA62D003BC592 /* ListsNavigationUITestsLaunchTests.swift */ = {isa = PBXFileReference; lastKnownFileType = sourcecode.swift; path = ListsNavigationUITestsLaunchTests.swift; sourceTree = "<group>"; };
		68B76FCB271EA788003BC592 /* landmarkData.json */ = {isa = PBXFileReference; fileEncoding = 4; lastKnownFileType = text.json; path = landmarkData.json; sourceTree = "<group>"; };
		68B76FCD271EA7A7003BC592 /* Landmark.swift */ = {isa = PBXFileReference; lastKnownFileType = sourcecode.swift; path = Landmark.swift; sourceTree = "<group>"; };
		68B76FCF271EADE2003BC592 /* ModelData.swift */ = {isa = PBXFileReference; lastKnownFileType = sourcecode.swift; path = ModelData.swift; sourceTree = "<group>"; };
		68B76FD5271EB786003BC592 /* LandmarkRow.swift */ = {isa = PBXFileReference; lastKnownFileType = sourcecode.swift; path = LandmarkRow.swift; sourceTree = "<group>"; };
		68B76FD7271EE0CE003BC592 /* LandmarkList.swift */ = {isa = PBXFileReference; lastKnownFileType = sourcecode.swift; path = LandmarkList.swift; sourceTree = "<group>"; };
/* End PBXFileReference section */

/* Begin PBXFrameworksBuildPhase section */
		68B76F99271EA62C003BC592 /* Frameworks */ = {
			isa = PBXFrameworksBuildPhase;
			buildActionMask = 2147483647;
			files = (
			);
			runOnlyForDeploymentPostprocessing = 0;
		};
		68B76FA9271EA62D003BC592 /* Frameworks */ = {
			isa = PBXFrameworksBuildPhase;
			buildActionMask = 2147483647;
			files = (
			);
			runOnlyForDeploymentPostprocessing = 0;
		};
		68B76FB3271EA62D003BC592 /* Frameworks */ = {
			isa = PBXFrameworksBuildPhase;
			buildActionMask = 2147483647;
			files = (
			);
			runOnlyForDeploymentPostprocessing = 0;
		};
/* End PBXFrameworksBuildPhase section */

/* Begin PBXGroup section */
		68B76F93271EA62C003BC592 = {
			isa = PBXGroup;
			children = (
				68B76F9E271EA62C003BC592 /* ListsNavigation */,
				68B76FAF271EA62D003BC592 /* ListsNavigationTests */,
				68B76FB9271EA62D003BC592 /* ListsNavigationUITests */,
				68B76F9D271EA62C003BC592 /* Products */,
			);
			sourceTree = "<group>";
		};
		68B76F9D271EA62C003BC592 /* Products */ = {
			isa = PBXGroup;
			children = (
				68B76F9C271EA62C003BC592 /* ListsNavigation.app */,
				68B76FAC271EA62D003BC592 /* ListsNavigationTests.xctest */,
				68B76FB6271EA62D003BC592 /* ListsNavigationUITests.xctest */,
			);
			name = Products;
			sourceTree = "<group>";
		};
		68B76F9E271EA62C003BC592 /* ListsNavigation */ = {
			isa = PBXGroup;
			children = (
				68B76F9F271EA62C003BC592 /* ListsNavigationApp.swift */,
				68B76FD1271EB5F3003BC592 /* Views */,
				68B76FD2271EB5FE003BC592 /* Model */,
				68B76FCA271EA75E003BC592 /* Resources */,
				68B76FA3271EA62D003BC592 /* Assets.xcassets */,
				68B76FA5271EA62D003BC592 /* Preview Content */,
			);
			path = ListsNavigation;
			sourceTree = "<group>";
		};
		68B76FA5271EA62D003BC592 /* Preview Content */ = {
			isa = PBXGroup;
			children = (
				68B76FA6271EA62D003BC592 /* Preview Assets.xcassets */,
			);
			path = "Preview Content";
			sourceTree = "<group>";
		};
		68B76FAF271EA62D003BC592 /* ListsNavigationTests */ = {
			isa = PBXGroup;
			children = (
				68B76FB0271EA62D003BC592 /* ListsNavigationTests.swift */,
			);
			path = ListsNavigationTests;
			sourceTree = "<group>";
		};
		68B76FB9271EA62D003BC592 /* ListsNavigationUITests */ = {
			isa = PBXGroup;
			children = (
				68B76FBA271EA62D003BC592 /* ListsNavigationUITests.swift */,
				68B76FBC271EA62D003BC592 /* ListsNavigationUITestsLaunchTests.swift */,
			);
			path = ListsNavigationUITests;
			sourceTree = "<group>";
		};
		68B76FCA271EA75E003BC592 /* Resources */ = {
			isa = PBXGroup;
			children = (
				68B76FCB271EA788003BC592 /* landmarkData.json */,
			);
			path = Resources;
			sourceTree = "<group>";
		};
		68B76FD1271EB5F3003BC592 /* Views */ = {
			isa = PBXGroup;
			children = (
				68B76FA1271EA62C003BC592 /* ContentView.swift */,
				68B76FD5271EB786003BC592 /* LandmarkRow.swift */,
				68B76FD7271EE0CE003BC592 /* LandmarkList.swift */,
				680D4315271F28AD0017EA4A /* LandmarkDetail.swift */,
				6880FB33271FD19900DF4BA8 /* CircleImage.swift */,
				6880FB35271FD26D00DF4BA8 /* MapView.swift */,
			);
			path = Views;
			sourceTree = "<group>";
		};
		68B76FD2271EB5FE003BC592 /* Model */ = {
			isa = PBXGroup;
			children = (
				68B76FCF271EADE2003BC592 /* ModelData.swift */,
				68B76FCD271EA7A7003BC592 /* Landmark.swift */,
			);
			path = Model;
			sourceTree = "<group>";
		};
/* End PBXGroup section */

/* Begin PBXNativeTarget section */
		68B76F9B271EA62C003BC592 /* ListsNavigation */ = {
			isa = PBXNativeTarget;
			buildConfigurationList = 68B76FC0271EA62D003BC592 /* Build configuration list for PBXNativeTarget "ListsNavigation" */;
			buildPhases = (
				68B76F98271EA62C003BC592 /* Sources */,
				68B76F99271EA62C003BC592 /* Frameworks */,
				68B76F9A271EA62C003BC592 /* Resources */,
			);
			buildRules = (
			);
			dependencies = (
			);
			name = ListsNavigation;
			productName = ListsNavigation;
			productReference = 68B76F9C271EA62C003BC592 /* ListsNavigation.app */;
			productType = "com.apple.product-type.application";
		};
		68B76FAB271EA62D003BC592 /* ListsNavigationTests */ = {
			isa = PBXNativeTarget;
			buildConfigurationList = 68B76FC3271EA62D003BC592 /* Build configuration list for PBXNativeTarget "ListsNavigationTests" */;
			buildPhases = (
				68B76FA8271EA62D003BC592 /* Sources */,
				68B76FA9271EA62D003BC592 /* Frameworks */,
				68B76FAA271EA62D003BC592 /* Resources */,
			);
			buildRules = (
			);
			dependencies = (
				68B76FAE271EA62D003BC592 /* PBXTargetDependency */,
			);
			name = ListsNavigationTests;
			productName = ListsNavigationTests;
			productReference = 68B76FAC271EA62D003BC592 /* ListsNavigationTests.xctest */;
			productType = "com.apple.product-type.bundle.unit-test";
		};
		68B76FB5271EA62D003BC592 /* ListsNavigationUITests */ = {
			isa = PBXNativeTarget;
			buildConfigurationList = 68B76FC6271EA62D003BC592 /* Build configuration list for PBXNativeTarget "ListsNavigationUITests" */;
			buildPhases = (
				68B76FB2271EA62D003BC592 /* Sources */,
				68B76FB3271EA62D003BC592 /* Frameworks */,
				68B76FB4271EA62D003BC592 /* Resources */,
			);
			buildRules = (
			);
			dependencies = (
				68B76FB8271EA62D003BC592 /* PBXTargetDependency */,
			);
			name = ListsNavigationUITests;
			productName = ListsNavigationUITests;
			productReference = 68B76FB6271EA62D003BC592 /* ListsNavigationUITests.xctest */;
			productType = "com.apple.product-type.bundle.ui-testing";
		};
/* End PBXNativeTarget section */

/* Begin PBXProject section */
		68B76F94271EA62C003BC592 /* Project object */ = {
			isa = PBXProject;
			attributes = {
				BuildIndependentTargetsInParallel = 1;
				LastSwiftUpdateCheck = 1300;
				LastUpgradeCheck = 1300;
				TargetAttributes = {
					68B76F9B271EA62C003BC592 = {
						CreatedOnToolsVersion = 13.0;
					};
					68B76FAB271EA62D003BC592 = {
						CreatedOnToolsVersion = 13.0;
						TestTargetID = 68B76F9B271EA62C003BC592;
					};
					68B76FB5271EA62D003BC592 = {
						CreatedOnToolsVersion = 13.0;
						TestTargetID = 68B76F9B271EA62C003BC592;
					};
				};
			};
			buildConfigurationList = 68B76F97271EA62C003BC592 /* Build configuration list for PBXProject "ListsNavigation" */;
			compatibilityVersion = "Xcode 13.0";
			developmentRegion = en;
			hasScannedForEncodings = 0;
			knownRegions = (
				en,
				Base,
			);
			mainGroup = 68B76F93271EA62C003BC592;
			productRefGroup = 68B76F9D271EA62C003BC592 /* Products */;
			projectDirPath = "";
			projectRoot = "";
			targets = (
				68B76F9B271EA62C003BC592 /* ListsNavigation */,
				68B76FAB271EA62D003BC592 /* ListsNavigationTests */,
				68B76FB5271EA62D003BC592 /* ListsNavigationUITests */,
			);
		};
/* End PBXProject section */

/* Begin PBXResourcesBuildPhase section */
		68B76F9A271EA62C003BC592 /* Resources */ = {
			isa = PBXResourcesBuildPhase;
			buildActionMask = 2147483647;
			files = (
				68B76FA7271EA62D003BC592 /* Preview Assets.xcassets in Resources */,
				68B76FA4271EA62D003BC592 /* Assets.xcassets in Resources */,
				68B76FCC271EA788003BC592 /* landmarkData.json in Resources */,
			);
			runOnlyForDeploymentPostprocessing = 0;
		};
		68B76FAA271EA62D003BC592 /* Resources */ = {
			isa = PBXResourcesBuildPhase;
			buildActionMask = 2147483647;
			files = (
			);
			runOnlyForDeploymentPostprocessing = 0;
		};
		68B76FB4271EA62D003BC592 /* Resources */ = {
			isa = PBXResourcesBuildPhase;
			buildActionMask = 2147483647;
			files = (
			);
			runOnlyForDeploymentPostprocessing = 0;
		};
/* End PBXResourcesBuildPhase section */

/* Begin PBXSourcesBuildPhase section */
		68B76F98271EA62C003BC592 /* Sources */ = {
			isa = PBXSourcesBuildPhase;
			buildActionMask = 2147483647;
			files = (
				68B76FA2271EA62C003BC592 /* ContentView.swift in Sources */,
				6880FB34271FD19900DF4BA8 /* CircleImage.swift in Sources */,
				68B76FD8271EE0CE003BC592 /* LandmarkList.swift in Sources */,
				68B76FD0271EADE2003BC592 /* ModelData.swift in Sources */,
				68B76FA0271EA62C003BC592 /* ListsNavigationApp.swift in Sources */,
				68B76FD6271EB786003BC592 /* LandmarkRow.swift in Sources */,
				68B76FCE271EA7A7003BC592 /* Landmark.swift in Sources */,
				6880FB36271FD26D00DF4BA8 /* MapView.swift in Sources */,
				680D4316271F28AD0017EA4A /* LandmarkDetail.swift in Sources */,
			);
			runOnlyForDeploymentPostprocessing = 0;
		};
		68B76FA8271EA62D003BC592 /* Sources */ = {
			isa = PBXSourcesBuildPhase;
			buildActionMask = 2147483647;
			files = (
				68B76FB1271EA62D003BC592 /* ListsNavigationTests.swift in Sources */,
			);
			runOnlyForDeploymentPostprocessing = 0;
		};
		68B76FB2271EA62D003BC592 /* Sources */ = {
			isa = PBXSourcesBuildPhase;
			buildActionMask = 2147483647;
			files = (
				68B76FBD271EA62D003BC592 /* ListsNavigationUITestsLaunchTests.swift in Sources */,
				68B76FBB271EA62D003BC592 /* ListsNavigationUITests.swift in Sources */,
			);
			runOnlyForDeploymentPostprocessing = 0;
		};
/* End PBXSourcesBuildPhase section */

/* Begin PBXTargetDependency section */
		68B76FAE271EA62D003BC592 /* PBXTargetDependency */ = {
			isa = PBXTargetDependency;
			target = 68B76F9B271EA62C003BC592 /* ListsNavigation */;
			targetProxy = 68B76FAD271EA62D003BC592 /* PBXContainerItemProxy */;
		};
		68B76FB8271EA62D003BC592 /* PBXTargetDependency */ = {
			isa = PBXTargetDependency;
			target = 68B76F9B271EA62C003BC592 /* ListsNavigation */;
			targetProxy = 68B76FB7271EA62D003BC592 /* PBXContainerItemProxy */;
		};
/* End PBXTargetDependency section */

/* Begin XCBuildConfiguration section */
		68B76FBE271EA62D003BC592 /* Debug */ = {
			isa = XCBuildConfiguration;
			buildSettings = {
				ALWAYS_SEARCH_USER_PATHS = NO;
				CLANG_ANALYZER_NONNULL = YES;
				CLANG_ANALYZER_NUMBER_OBJECT_CONVERSION = YES_AGGRESSIVE;
				CLANG_CXX_LANGUAGE_STANDARD = "gnu++17";
				CLANG_CXX_LIBRARY = "libc++";
				CLANG_ENABLE_MODULES = YES;
				CLANG_ENABLE_OBJC_ARC = YES;
				CLANG_ENABLE_OBJC_WEAK = YES;
				CLANG_WARN_BLOCK_CAPTURE_AUTORELEASING = YES;
				CLANG_WARN_BOOL_CONVERSION = YES;
				CLANG_WARN_COMMA = YES;
				CLANG_WARN_CONSTANT_CONVERSION = YES;
				CLANG_WARN_DEPRECATED_OBJC_IMPLEMENTATIONS = YES;
				CLANG_WARN_DIRECT_OBJC_ISA_USAGE = YES_ERROR;
				CLANG_WARN_DOCUMENTATION_COMMENTS = YES;
				CLANG_WARN_EMPTY_BODY = YES;
				CLANG_WARN_ENUM_CONVERSION = YES;
				CLANG_WARN_INFINITE_RECURSION = YES;
				CLANG_WARN_INT_CONVERSION = YES;
				CLANG_WARN_NON_LITERAL_NULL_CONVERSION = YES;
				CLANG_WARN_OBJC_IMPLICIT_RETAIN_SELF = YES;
				CLANG_WARN_OBJC_LITERAL_CONVERSION = YES;
				CLANG_WARN_OBJC_ROOT_CLASS = YES_ERROR;
				CLANG_WARN_QUOTED_INCLUDE_IN_FRAMEWORK_HEADER = YES;
				CLANG_WARN_RANGE_LOOP_ANALYSIS = YES;
				CLANG_WARN_STRICT_PROTOTYPES = YES;
				CLANG_WARN_SUSPICIOUS_MOVE = YES;
				CLANG_WARN_UNGUARDED_AVAILABILITY = YES_AGGRESSIVE;
				CLANG_WARN_UNREACHABLE_CODE = YES;
				CLANG_WARN__DUPLICATE_METHOD_MATCH = YES;
				COPY_PHASE_STRIP = NO;
				DEBUG_INFORMATION_FORMAT = dwarf;
				ENABLE_STRICT_OBJC_MSGSEND = YES;
				ENABLE_TESTABILITY = YES;
				GCC_C_LANGUAGE_STANDARD = gnu11;
				GCC_DYNAMIC_NO_PIC = NO;
				GCC_NO_COMMON_BLOCKS = YES;
				GCC_OPTIMIZATION_LEVEL = 0;
				GCC_PREPROCESSOR_DEFINITIONS = (
					"DEBUG=1",
					"$(inherited)",
				);
				GCC_WARN_64_TO_32_BIT_CONVERSION = YES;
				GCC_WARN_ABOUT_RETURN_TYPE = YES_ERROR;
				GCC_WARN_UNDECLARED_SELECTOR = YES;
				GCC_WARN_UNINITIALIZED_AUTOS = YES_AGGRESSIVE;
				GCC_WARN_UNUSED_FUNCTION = YES;
				GCC_WARN_UNUSED_VARIABLE = YES;
				IPHONEOS_DEPLOYMENT_TARGET = 15.0;
				MTL_ENABLE_DEBUG_INFO = INCLUDE_SOURCE;
				MTL_FAST_MATH = YES;
				ONLY_ACTIVE_ARCH = YES;
				SDKROOT = iphoneos;
				SWIFT_ACTIVE_COMPILATION_CONDITIONS = DEBUG;
				SWIFT_OPTIMIZATION_LEVEL = "-Onone";
			};
			name = Debug;
		};
		68B76FBF271EA62D003BC592 /* Release */ = {
			isa = XCBuildConfiguration;
			buildSettings = {
				ALWAYS_SEARCH_USER_PATHS = NO;
				CLANG_ANALYZER_NONNULL = YES;
				CLANG_ANALYZER_NUMBER_OBJECT_CONVERSION = YES_AGGRESSIVE;
				CLANG_CXX_LANGUAGE_STANDARD = "gnu++17";
				CLANG_CXX_LIBRARY = "libc++";
				CLANG_ENABLE_MODULES = YES;
				CLANG_ENABLE_OBJC_ARC = YES;
				CLANG_ENABLE_OBJC_WEAK = YES;
				CLANG_WARN_BLOCK_CAPTURE_AUTORELEASING = YES;
				CLANG_WARN_BOOL_CONVERSION = YES;
				CLANG_WARN_COMMA = YES;
				CLANG_WARN_CONSTANT_CONVERSION = YES;
				CLANG_WARN_DEPRECATED_OBJC_IMPLEMENTATIONS = YES;
				CLANG_WARN_DIRECT_OBJC_ISA_USAGE = YES_ERROR;
				CLANG_WARN_DOCUMENTATION_COMMENTS = YES;
				CLANG_WARN_EMPTY_BODY = YES;
				CLANG_WARN_ENUM_CONVERSION = YES;
				CLANG_WARN_INFINITE_RECURSION = YES;
				CLANG_WARN_INT_CONVERSION = YES;
				CLANG_WARN_NON_LITERAL_NULL_CONVERSION = YES;
				CLANG_WARN_OBJC_IMPLICIT_RETAIN_SELF = YES;
				CLANG_WARN_OBJC_LITERAL_CONVERSION = YES;
				CLANG_WARN_OBJC_ROOT_CLASS = YES_ERROR;
				CLANG_WARN_QUOTED_INCLUDE_IN_FRAMEWORK_HEADER = YES;
				CLANG_WARN_RANGE_LOOP_ANALYSIS = YES;
				CLANG_WARN_STRICT_PROTOTYPES = YES;
				CLANG_WARN_SUSPICIOUS_MOVE = YES;
				CLANG_WARN_UNGUARDED_AVAILABILITY = YES_AGGRESSIVE;
				CLANG_WARN_UNREACHABLE_CODE = YES;
				CLANG_WARN__DUPLICATE_METHOD_MATCH = YES;
				COPY_PHASE_STRIP = NO;
				DEBUG_INFORMATION_FORMAT = "dwarf-with-dsym";
				ENABLE_NS_ASSERTIONS = NO;
				ENABLE_STRICT_OBJC_MSGSEND = YES;
				GCC_C_LANGUAGE_STANDARD = gnu11;
				GCC_NO_COMMON_BLOCKS = YES;
				GCC_WARN_64_TO_32_BIT_CONVERSION = YES;
				GCC_WARN_ABOUT_RETURN_TYPE = YES_ERROR;
				GCC_WARN_UNDECLARED_SELECTOR = YES;
				GCC_WARN_UNINITIALIZED_AUTOS = YES_AGGRESSIVE;
				GCC_WARN_UNUSED_FUNCTION = YES;
				GCC_WARN_UNUSED_VARIABLE = YES;
				IPHONEOS_DEPLOYMENT_TARGET = 15.0;
				MTL_ENABLE_DEBUG_INFO = NO;
				MTL_FAST_MATH = YES;
				SDKROOT = iphoneos;
				SWIFT_COMPILATION_MODE = wholemodule;
				SWIFT_OPTIMIZATION_LEVEL = "-O";
				VALIDATE_PRODUCT = YES;
			};
			name = Release;
		};
		68B76FC1271EA62D003BC592 /* Debug */ = {
			isa = XCBuildConfiguration;
			buildSettings = {
				ASSETCATALOG_COMPILER_APPICON_NAME = AppIcon;
				ASSETCATALOG_COMPILER_GLOBAL_ACCENT_COLOR_NAME = AccentColor;
				CODE_SIGN_STYLE = Automatic;
				CURRENT_PROJECT_VERSION = 1;
				DEVELOPMENT_ASSET_PATHS = "\"ListsNavigation/Preview Content\"";
				ENABLE_PREVIEWS = YES;
				GENERATE_INFOPLIST_FILE = YES;
				INFOPLIST_KEY_UIApplicationSceneManifest_Generation = YES;
				INFOPLIST_KEY_UIApplicationSupportsIndirectInputEvents = YES;
				INFOPLIST_KEY_UILaunchScreen_Generation = YES;
				INFOPLIST_KEY_UISupportedInterfaceOrientations_iPad = "UIInterfaceOrientationPortrait UIInterfaceOrientationPortraitUpsideDown UIInterfaceOrientationLandscapeLeft UIInterfaceOrientationLandscapeRight";
				INFOPLIST_KEY_UISupportedInterfaceOrientations_iPhone = "UIInterfaceOrientationPortrait UIInterfaceOrientationLandscapeLeft UIInterfaceOrientationLandscapeRight";
				IPHONEOS_DEPLOYMENT_TARGET = 14.0;
				LD_RUNPATH_SEARCH_PATHS = (
					"$(inherited)",
					"@executable_path/Frameworks",
				);
				MARKETING_VERSION = 1.0;
				PRODUCT_BUNDLE_IDENTIFIER = handnew.ListsNavigation;
				PRODUCT_NAME = "$(TARGET_NAME)";
				SWIFT_EMIT_LOC_STRINGS = YES;
				SWIFT_VERSION = 5.0;
				TARGETED_DEVICE_FAMILY = "1,2";
			};
			name = Debug;
		};
		68B76FC2271EA62D003BC592 /* Release */ = {
			isa = XCBuildConfiguration;
			buildSettings = {
				ASSETCATALOG_COMPILER_APPICON_NAME = AppIcon;
				ASSETCATALOG_COMPILER_GLOBAL_ACCENT_COLOR_NAME = AccentColor;
				CODE_SIGN_STYLE = Automatic;
				CURRENT_PROJECT_VERSION = 1;
				DEVELOPMENT_ASSET_PATHS = "\"ListsNavigation/Preview Content\"";
				ENABLE_PREVIEWS = YES;
				GENERATE_INFOPLIST_FILE = YES;
				INFOPLIST_KEY_UIApplicationSceneManifest_Generation = YES;
				INFOPLIST_KEY_UIApplicationSupportsIndirectInputEvents = YES;
				INFOPLIST_KEY_UILaunchScreen_Generation = YES;
				INFOPLIST_KEY_UISupportedInterfaceOrientations_iPad = "UIInterfaceOrientationPortrait UIInterfaceOrientationPortraitUpsideDown UIInterfaceOrientationLandscapeLeft UIInterfaceOrientationLandscapeRight";
				INFOPLIST_KEY_UISupportedInterfaceOrientations_iPhone = "UIInterfaceOrientationPortrait UIInterfaceOrientationLandscapeLeft UIInterfaceOrientationLandscapeRight";
				IPHONEOS_DEPLOYMENT_TARGET = 14.0;
				LD_RUNPATH_SEARCH_PATHS = (
					"$(inherited)",
					"@executable_path/Frameworks",
				);
				MARKETING_VERSION = 1.0;
				PRODUCT_BUNDLE_IDENTIFIER = handnew.ListsNavigation;
				PRODUCT_NAME = "$(TARGET_NAME)";
				SWIFT_EMIT_LOC_STRINGS = YES;
				SWIFT_VERSION = 5.0;
				TARGETED_DEVICE_FAMILY = "1,2";
			};
			name = Release;
		};
		68B76FC4271EA62D003BC592 /* Debug */ = {
			isa = XCBuildConfiguration;
			buildSettings = {
				ALWAYS_EMBED_SWIFT_STANDARD_LIBRARIES = YES;
				BUNDLE_LOADER = "$(TEST_HOST)";
				CODE_SIGN_STYLE = Automatic;
				CURRENT_PROJECT_VERSION = 1;
				GENERATE_INFOPLIST_FILE = YES;
				IPHONEOS_DEPLOYMENT_TARGET = 14.0;
				LD_RUNPATH_SEARCH_PATHS = (
					"$(inherited)",
					"@executable_path/Frameworks",
					"@loader_path/Frameworks",
				);
				MARKETING_VERSION = 1.0;
				PRODUCT_BUNDLE_IDENTIFIER = handnew.ListsNavigationTests;
				PRODUCT_NAME = "$(TARGET_NAME)";
				SWIFT_EMIT_LOC_STRINGS = NO;
				SWIFT_VERSION = 5.0;
				TARGETED_DEVICE_FAMILY = "1,2";
				TEST_HOST = "$(BUILT_PRODUCTS_DIR)/ListsNavigation.app/ListsNavigation";
			};
			name = Debug;
		};
		68B76FC5271EA62D003BC592 /* Release */ = {
			isa = XCBuildConfiguration;
			buildSettings = {
				ALWAYS_EMBED_SWIFT_STANDARD_LIBRARIES = YES;
				BUNDLE_LOADER = "$(TEST_HOST)";
				CODE_SIGN_STYLE = Automatic;
				CURRENT_PROJECT_VERSION = 1;
				GENERATE_INFOPLIST_FILE = YES;
				IPHONEOS_DEPLOYMENT_TARGET = 14.0;
				LD_RUNPATH_SEARCH_PATHS = (
					"$(inherited)",
					"@executable_path/Frameworks",
					"@loader_path/Frameworks",
				);
				MARKETING_VERSION = 1.0;
				PRODUCT_BUNDLE_IDENTIFIER = handnew.ListsNavigationTests;
				PRODUCT_NAME = "$(TARGET_NAME)";
				SWIFT_EMIT_LOC_STRINGS = NO;
				SWIFT_VERSION = 5.0;
				TARGETED_DEVICE_FAMILY = "1,2";
				TEST_HOST = "$(BUILT_PRODUCTS_DIR)/ListsNavigation.app/ListsNavigation";
			};
			name = Release;
		};
		68B76FC7271EA62D003BC592 /* Debug */ = {
			isa = XCBuildConfiguration;
			buildSettings = {
				ALWAYS_EMBED_SWIFT_STANDARD_LIBRARIES = YES;
				CODE_SIGN_STYLE = Automatic;
				CURRENT_PROJECT_VERSION = 1;
				GENERATE_INFOPLIST_FILE = YES;
				LD_RUNPATH_SEARCH_PATHS = (
					"$(inherited)",
					"@executable_path/Frameworks",
					"@loader_path/Frameworks",
				);
				MARKETING_VERSION = 1.0;
				PRODUCT_BUNDLE_IDENTIFIER = handnew.ListsNavigationUITests;
				PRODUCT_NAME = "$(TARGET_NAME)";
				SWIFT_EMIT_LOC_STRINGS = NO;
				SWIFT_VERSION = 5.0;
				TARGETED_DEVICE_FAMILY = "1,2";
				TEST_TARGET_NAME = ListsNavigation;
			};
			name = Debug;
		};
		68B76FC8271EA62D003BC592 /* Release */ = {
			isa = XCBuildConfiguration;
			buildSettings = {
				ALWAYS_EMBED_SWIFT_STANDARD_LIBRARIES = YES;
				CODE_SIGN_STYLE = Automatic;
				CURRENT_PROJECT_VERSION = 1;
				GENERATE_INFOPLIST_FILE = YES;
				LD_RUNPATH_SEARCH_PATHS = (
					"$(inherited)",
					"@executable_path/Frameworks",
					"@loader_path/Frameworks",
				);
				MARKETING_VERSION = 1.0;
				PRODUCT_BUNDLE_IDENTIFIER = handnew.ListsNavigationUITests;
				PRODUCT_NAME = "$(TARGET_NAME)";
				SWIFT_EMIT_LOC_STRINGS = NO;
				SWIFT_VERSION = 5.0;
				TARGETED_DEVICE_FAMILY = "1,2";
				TEST_TARGET_NAME = ListsNavigation;
			};
			name = Release;
		};
/* End XCBuildConfiguration section */

/* Begin XCConfigurationList section */
		68B76F97271EA62C003BC592 /* Build configuration list for PBXProject "ListsNavigation" */ = {
			isa = XCConfigurationList;
			buildConfigurations = (
				68B76FBE271EA62D003BC592 /* Debug */,
				68B76FBF271EA62D003BC592 /* Release */,
			);
			defaultConfigurationIsVisible = 0;
			defaultConfigurationName = Release;
		};
		68B76FC0271EA62D003BC592 /* Build configuration list for PBXNativeTarget "ListsNavigation" */ = {
			isa = XCConfigurationList;
			buildConfigurations = (
				68B76FC1271EA62D003BC592 /* Debug */,
				68B76FC2271EA62D003BC592 /* Release */,
			);
			defaultConfigurationIsVisible = 0;
			defaultConfigurationName = Release;
		};
		68B76FC3271EA62D003BC592 /* Build configuration list for PBXNativeTarget "ListsNavigationTests" */ = {
			isa = XCConfigurationList;
			buildConfigurations = (
				68B76FC4271EA62D003BC592 /* Debug */,
				68B76FC5271EA62D003BC592 /* Release */,
			);
			defaultConfigurationIsVisible = 0;
			defaultConfigurationName = Release;
		};
		68B76FC6271EA62D003BC592 /* Build configuration list for PBXNativeTarget "ListsNavigationUITests" */ = {
			isa = XCConfigurationList;
			buildConfigurations = (
				68B76FC7271EA62D003BC592 /* Debug */,
				68B76FC8271EA62D003BC592 /* Release */,
			);
			defaultConfigurationIsVisible = 0;
			defaultConfigurationName = Release;
		};
/* End XCConfigurationList section */
	};
	rootObject = 68B76F94271EA62C003BC592 /* Project object */;
}
